<?xml version="1.0" encoding="utf-8"?>
<Project ToolsVersion="4.0" xmlns="http://schemas.microsoft.com/developer/msbuild/2003">
  <ItemGroup>
    <Filter Include="Anomaly">
      <UniqueIdentifier>{D68FF697-426F-7533-4B87-000AB7E5DB94}</UniqueIdentifier>
    </Filter>
    <Filter Include="Anomaly\Events">
      <UniqueIdentifier>{FA4E9D57-E61C-915D-CFB0-0184BB1D6DC2}</UniqueIdentifier>
    </Filter>
    <Filter Include="Anomaly\imgui">
      <UniqueIdentifier>{C0A5E0CE-2C66-5C05-F5A0-A5826120A1E1}</UniqueIdentifier>
    </Filter>
    <Filter Include="Platform">
      <UniqueIdentifier>{2AC788B4-1694-E3BF-3FAD-D1672BD9184E}</UniqueIdentifier>
    </Filter>
    <Filter Include="Platform\Windows">
      <UniqueIdentifier>{64FBD71A-50F4-F66C-7926-DCF1657ED678}</UniqueIdentifier>
    </Filter>
  </ItemGroup>
  <ItemGroup>
    <ClInclude Include="src\Anomaly.h" />
    <ClInclude Include="src\Anomaly\Application.h">
      <Filter>Anomaly</Filter>
    </ClInclude>
    <ClInclude Include="src\Anomaly\Core.h">
      <Filter>Anomaly</Filter>
    </ClInclude>
    <ClInclude Include="src\Anomaly\EntryPoint.h">
      <Filter>Anomaly</Filter>
    </ClInclude>
    <ClInclude Include="src\Anomaly\Events\ApplicationEvent.h">
      <Filter>Anomaly\Events</Filter>
    </ClInclude>
    <ClInclude Include="src\Anomaly\Events\Event.h">
      <Filter>Anomaly\Events</Filter>
    </ClInclude>
    <ClInclude Include="src\Anomaly\Events\KeyEvent.h">
      <Filter>Anomaly\Events</Filter>
    </ClInclude>
    <ClInclude Include="src\Anomaly\Events\MouseEvent.h">
      <Filter>Anomaly\Events</Filter>
    </ClInclude>
    <ClInclude Include="src\Anomaly\KeyCodes.h">
      <Filter>Anomaly</Filter>
    </ClInclude>
    <ClInclude Include="src\Anomaly\Layer.h">
      <Filter>Anomaly</Filter>
    </ClInclude>
    <ClInclude Include="src\Anomaly\LayerStack.h">
      <Filter>Anomaly</Filter>
    </ClInclude>
    <ClInclude Include="src\Anomaly\Log.h">
      <Filter>Anomaly</Filter>
    </ClInclude>
    <ClInclude Include="src\Anomaly\MouseButtonCodes.h">
      <Filter>Anomaly</Filter>
    </ClInclude>
    <ClInclude Include="src\Anomaly\Window.h">
      <Filter>Anomaly</Filter>
    </ClInclude>
    <ClInclude Include="src\Anomaly\imgui\ImGuiLayer.h">
      <Filter>Anomaly\imgui</Filter>
    </ClInclude>
    <ClInclude Include="src\Anomaly\input.h">
      <Filter>Anomaly</Filter>
    </ClInclude>
    <ClInclude Include="src\Platform\Windows\WindowsInput.h">
      <Filter>Platform\Windows</Filter>
    </ClInclude>
    <ClInclude Include="src\Platform\Windows\WindowsWindow.h">
      <Filter>Platform\Windows</Filter>
    </ClInclude>
    <ClInclude Include="src\aepch.h" />
    <ClInclude Include="src\Anomaly\Rendering\RenderingContext.h" />
    <ClInclude Include="src\Anomaly\Rendering\OpenGL\Shader.h" />
    <ClInclude Include="src\Anomaly\Rendering\OpenGL\OpenGLContext.h" />
    <ClInclude Include="src\Anomaly\Rendering\Primatives\Buffer.h" />
    <ClInclude Include="src\Anomaly\Rendering\OpenGL\OpenGLBuffer.h" />
    <ClInclude Include="src\Anomaly\Rendering\Renderer.h" />
  </ItemGroup>
  <ItemGroup>
    <ClCompile Include="src\Anomaly\Application.cpp">
      <Filter>Anomaly</Filter>
    </ClCompile>
    <ClCompile Include="src\Anomaly\Layer.cpp">
      <Filter>Anomaly</Filter>
    </ClCompile>
    <ClCompile Include="src\Anomaly\LayerStack.cpp">
      <Filter>Anomaly</Filter>
    </ClCompile>
    <ClCompile Include="src\Anomaly\Log.cpp">
      <Filter>Anomaly</Filter>
    </ClCompile>
    <ClCompile Include="src\Anomaly\imgui\ImGuiLayer.cpp">
      <Filter>Anomaly\imgui</Filter>
    </ClCompile>
    <ClCompile Include="src\Anomaly\imgui\imguiBuild.cpp">
      <Filter>Anomaly\imgui</Filter>
    </ClCompile>
    <ClCompile Include="src\Platform\Windows\WindowsInput.cpp">
      <Filter>Platform\Windows</Filter>
    </ClCompile>
    <ClCompile Include="src\Platform\Windows\WindowsWindow.cpp">
      <Filter>Platform\Windows</Filter>
    </ClCompile>
    <ClCompile Include="src\aepch.cpp" />
    <ClCompile Include="src\Anomaly\Rendering\OpenGL\OpenGLContext.cpp" />
    <ClCompile Include="src\Anomaly\Rendering\OpenGL\Shader.cpp" />
    <ClCompile Include="src\Anomaly\Rendering\Primatives\Buffer.cpp" />
    <ClCompile Include="src\Anomaly\Rendering\OpenGL\OpenGLBuffer.cpp" />
    <ClCompile Include="src\Anomaly\Rendering\Renderer.cpp" />
  </ItemGroup>
</Project>