<?xml version="1.0" encoding="utf-8"?>
<Project ToolsVersion="4.0" xmlns="http://schemas.microsoft.com/developer/msbuild/2003">
  <ItemGroup>
    <Filter Include="Anomaly">
      <UniqueIdentifier>{D68FF697-426F-7533-4B87-000AB7E5DB94}</UniqueIdentifier>
    </Filter>
    <Filter Include="Anomaly\Events">
      <UniqueIdentifier>{FA4E9D57-E61C-915D-CFB0-0184BB1D6DC2}</UniqueIdentifier>
    </Filter>
    <Filter Include="Platform">
      <UniqueIdentifier>{b27ba239-b1dc-443b-96b7-769dff5a1142}</UniqueIdentifier>
    </Filter>
    <Filter Include="Platform\Windows">
      <UniqueIdentifier>{5da36c4e-9e27-4c47-af6b-22ab53554035}</UniqueIdentifier>
    </Filter>
  </ItemGroup>
  <ItemGroup>
    <ClInclude Include="src\Anomaly.h" />
    <ClInclude Include="src\Anomaly\Application.h">
      <Filter>Anomaly</Filter>
    </ClInclude>
    <ClInclude Include="src\Anomaly\Core.h">
      <Filter>Anomaly</Filter>
    </ClInclude>
    <ClInclude Include="src\Anomaly\EntryPoint.h">
      <Filter>Anomaly</Filter>
    </ClInclude>
    <ClInclude Include="src\Anomaly\Events\ApplicationEvent.h">
      <Filter>Anomaly\Events</Filter>
    </ClInclude>
    <ClInclude Include="src\Anomaly\Events\Event.h">
      <Filter>Anomaly\Events</Filter>
    </ClInclude>
    <ClInclude Include="src\Anomaly\Events\KeyEvent.h">
      <Filter>Anomaly\Events</Filter>
    </ClInclude>
    <ClInclude Include="src\Anomaly\Events\MouseEvent.h">
      <Filter>Anomaly\Events</Filter>
    </ClInclude>
    <ClInclude Include="src\Anomaly\Log.h">
      <Filter>Anomaly</Filter>
    </ClInclude>
    <ClInclude Include="src\aepch.h" />
    <ClInclude Include="src\Anomaly\Window.h">
      <Filter>Anomaly</Filter>
    </ClInclude>
    <ClInclude Include="src\Platform\Windows\WindowsWindow.h">
      <Filter>Platform\Windows</Filter>
    </ClInclude>
    <ClInclude Include="src\Anomaly\Layer.h">
      <Filter>Anomaly</Filter>
    </ClInclude>
    <ClInclude Include="src\Anomaly\LayerStack.h">
      <Filter>Anomaly</Filter>
    </ClInclude>
  </ItemGroup>
  <ItemGroup>
    <ClCompile Include="src\Anomaly\Application.cpp">
      <Filter>Anomaly</Filter>
    </ClCompile>
    <ClCompile Include="src\Anomaly\Log.cpp">
      <Filter>Anomaly</Filter>
    </ClCompile>
    <ClCompile Include="src\aepch.cpp" />
    <ClCompile Include="src\Platform\Windows\WindowsWindow.cpp">
      <Filter>Platform\Windows</Filter>
    </ClCompile>
    <ClCompile Include="src\Anomaly\Layer.cpp">
      <Filter>Anomaly</Filter>
    </ClCompile>
    <ClCompile Include="src\Anomaly\LayerStack.cpp">
      <Filter>Anomaly</Filter>
    </ClCompile>
  </ItemGroup>
</Project>