<?xml version="1.0" encoding="utf-8"?>
<Project ToolsVersion="4.0" xmlns="http://schemas.microsoft.com/developer/msbuild/2003">
  <ItemGroup>
    <Filter Include="Anomaly">
      <UniqueIdentifier>{D68FF697-426F-7533-4B87-000AB7E5DB94}</UniqueIdentifier>
    </Filter>
    <Filter Include="Anomaly\Events">
      <UniqueIdentifier>{FA4E9D57-E61C-915D-CFB0-0184BB1D6DC2}</UniqueIdentifier>
    </Filter>
    <Filter Include="Platform">
      <UniqueIdentifier>{2AC788B4-1694-E3BF-3FAD-D1672BD9184E}</UniqueIdentifier>
    </Filter>
    <Filter Include="Platform\Windows">
      <UniqueIdentifier>{64FBD71A-50F4-F66C-7926-DCF1657ED678}</UniqueIdentifier>
    </Filter>
    <Filter Include="Anomaly\ImGui">
      <UniqueIdentifier>{bfa215f3-cfc7-4b44-8587-165f277497b9}</UniqueIdentifier>
    </Filter>
  </ItemGroup>
  <ItemGroup>
    <ClInclude Include="src\Anomaly.h" />
    <ClInclude Include="src\Anomaly\Application.h">
      <Filter>Anomaly</Filter>
    </ClInclude>
    <ClInclude Include="src\Anomaly\Core.h">
      <Filter>Anomaly</Filter>
    </ClInclude>
    <ClInclude Include="src\Anomaly\EntryPoint.h">
      <Filter>Anomaly</Filter>
    </ClInclude>
    <ClInclude Include="src\Anomaly\Events\ApplicationEvent.h">
      <Filter>Anomaly\Events</Filter>
    </ClInclude>
    <ClInclude Include="src\Anomaly\Events\Event.h">
      <Filter>Anomaly\Events</Filter>
    </ClInclude>
    <ClInclude Include="src\Anomaly\Events\KeyEvent.h">
      <Filter>Anomaly\Events</Filter>
    </ClInclude>
    <ClInclude Include="src\Anomaly\Events\MouseEvent.h">
      <Filter>Anomaly\Events</Filter>
    </ClInclude>
    <ClInclude Include="src\Anomaly\Layer.h">
      <Filter>Anomaly</Filter>
    </ClInclude>
    <ClInclude Include="src\Anomaly\LayerStack.h">
      <Filter>Anomaly</Filter>
    </ClInclude>
    <ClInclude Include="src\Anomaly\Log.h">
      <Filter>Anomaly</Filter>
    </ClInclude>
    <ClInclude Include="src\Anomaly\Window.h">
      <Filter>Anomaly</Filter>
    </ClInclude>
    <ClInclude Include="src\Platform\Windows\WindowsWindow.h">
      <Filter>Platform\Windows</Filter>
    </ClInclude>
    <ClInclude Include="src\aepch.h" />
    <ClInclude Include="src\Anomaly\imgui\ImGuiLayer.h">
      <Filter>Anomaly\ImGui</Filter>
    </ClInclude>
    <ClInclude Include="src\Platform\OpenGL\imguiOpenGLRenderer.h" />
    <ClInclude Include="src\Anomaly\input.h" />
    <ClInclude Include="src\Platform\Windows\WindowsInput.h" />
  </ItemGroup>
  <ItemGroup>
    <ClCompile Include="src\Anomaly\Application.cpp">
      <Filter>Anomaly</Filter>
    </ClCompile>
    <ClCompile Include="src\Anomaly\Layer.cpp">
      <Filter>Anomaly</Filter>
    </ClCompile>
    <ClCompile Include="src\Anomaly\LayerStack.cpp">
      <Filter>Anomaly</Filter>
    </ClCompile>
    <ClCompile Include="src\Anomaly\Log.cpp">
      <Filter>Anomaly</Filter>
    </ClCompile>
    <ClCompile Include="src\Platform\Windows\WindowsWindow.cpp">
      <Filter>Platform\Windows</Filter>
    </ClCompile>
    <ClCompile Include="src\aepch.cpp" />
    <ClCompile Include="src\Anomaly\imgui\ImGuiLayer.cpp">
      <Filter>Anomaly\ImGui</Filter>
    </ClCompile>
    <ClCompile Include="src\Platform\OpenGL\imguiOpenGLRenderer.cpp" />
    <ClCompile Include="src\Platform\Windows\WindowsInput.cpp" />
  </ItemGroup>
</Project>